// !$*UTF8*$!
{
	archiveVersion = 1;
	classes = {
	};
	objectVersion = 50;
	objects = {

/* Begin PBXBuildFile section */
		04DE5282B075BE8C290124E2 /* Pods_customers_test_appTests.framework in Frameworks */ = {isa = PBXBuildFile; fileRef = CBC9720652E1911FC877844B /* Pods_customers_test_appTests.framework */; };
		168422E422D6D91F00D8AC7C /* AppDelegate.swift in Sources */ = {isa = PBXBuildFile; fileRef = 168422E322D6D91F00D8AC7C /* AppDelegate.swift */; };
		168422EE22D6D92000D8AC7C /* LaunchScreen.storyboard in Resources */ = {isa = PBXBuildFile; fileRef = 168422EC22D6D92000D8AC7C /* LaunchScreen.storyboard */; };
		168422F922D6D92000D8AC7C /* customers_test_appTests.swift in Sources */ = {isa = PBXBuildFile; fileRef = 168422F822D6D92000D8AC7C /* customers_test_appTests.swift */; };
		1684230622D7B0F700D8AC7C /* GoogleService-Info.plist in Resources */ = {isa = PBXBuildFile; fileRef = 1684230522D7B0F700D8AC7C /* GoogleService-Info.plist */; };
		1684230D22D7DF4E00D8AC7C /* CTACustomerViewController.xib in Resources */ = {isa = PBXBuildFile; fileRef = 1684230B22D7DF4E00D8AC7C /* CTACustomerViewController.xib */; };
		1684230E22D7DF4E00D8AC7C /* CTACustomerViewController.swift in Sources */ = {isa = PBXBuildFile; fileRef = 1684230C22D7DF4E00D8AC7C /* CTACustomerViewController.swift */; };
		1684231022D7DFDA00D8AC7C /* CTAConstantHelper.swift in Sources */ = {isa = PBXBuildFile; fileRef = 1684230F22D7DFDA00D8AC7C /* CTAConstantHelper.swift */; };
		1684231522D7E39000D8AC7C /* CTALoginViewController.swift in Sources */ = {isa = PBXBuildFile; fileRef = 1684231322D7E39000D8AC7C /* CTALoginViewController.swift */; };
		1684231622D7E39000D8AC7C /* CTALoginViewController.xib in Resources */ = {isa = PBXBuildFile; fileRef = 1684231422D7E39000D8AC7C /* CTALoginViewController.xib */; };
		1684232322D90A1300D8AC7C /* Assets.xcassets in Resources */ = {isa = PBXBuildFile; fileRef = 1684232222D90A1300D8AC7C /* Assets.xcassets */; };
		16BEBA8D22DA965B000AA068 /* CTAFacebookLoginService.swift in Sources */ = {isa = PBXBuildFile; fileRef = 16BEBA8C22DA965B000AA068 /* CTAFacebookLoginService.swift */; };
		16BEBA9122DA9981000AA068 /* CTASnackbarHelper.swift in Sources */ = {isa = PBXBuildFile; fileRef = 16BEBA9022DA9981000AA068 /* CTASnackbarHelper.swift */; };
		16BEBA9722DA9AFB000AA068 /* CTACustomerModel.swift in Sources */ = {isa = PBXBuildFile; fileRef = 16BEBA9622DA9AFB000AA068 /* CTACustomerModel.swift */; };
		16BEBA9922DA9B61000AA068 /* UIView+TexFieldLines.swift in Sources */ = {isa = PBXBuildFile; fileRef = 16BEBA9822DA9B61000AA068 /* UIView+TexFieldLines.swift */; };
		16BEBA9B22DA9BDE000AA068 /* UIImageView+ImageHelper.swift in Sources */ = {isa = PBXBuildFile; fileRef = 16BEBA9A22DA9BDE000AA068 /* UIImageView+ImageHelper.swift */; };
		16BEBA9D22DAA097000AA068 /* CTACustomerViewModel.swift in Sources */ = {isa = PBXBuildFile; fileRef = 16BEBA9C22DAA097000AA068 /* CTACustomerViewModel.swift */; };
		16BEBAA122DAAB7E000AA068 /* CTABaseViewController.swift in Sources */ = {isa = PBXBuildFile; fileRef = 16BEBAA022DAAB7E000AA068 /* CTABaseViewController.swift */; };
		16BEBAA522DAB3D6000AA068 /* CTACustomerService.swift in Sources */ = {isa = PBXBuildFile; fileRef = 16BEBAA422DAB3D6000AA068 /* CTACustomerService.swift */; };
		16BEBAA722DAB56C000AA068 /* Date+DateFormatter.swift in Sources */ = {isa = PBXBuildFile; fileRef = 16BEBAA622DAB56C000AA068 /* Date+DateFormatter.swift */; };
		92481AB4D45E6D341378AFD5 /* Pods_customers_test_app.framework in Frameworks */ = {isa = PBXBuildFile; fileRef = 5F83695B855CCBEFD868F035 /* Pods_customers_test_app.framework */; };
/* End PBXBuildFile section */

/* Begin PBXContainerItemProxy section */
		168422F522D6D92000D8AC7C /* PBXContainerItemProxy */ = {
			isa = PBXContainerItemProxy;
			containerPortal = 168422D822D6D91F00D8AC7C /* Project object */;
			proxyType = 1;
			remoteGlobalIDString = 168422DF22D6D91F00D8AC7C;
			remoteInfo = "customers-test-app";
		};
/* End PBXContainerItemProxy section */

/* Begin PBXFileReference section */
		0487679A4702257548C5E6B0 /* Pods-customers-test-appTests.debug.xcconfig */ = {isa = PBXFileReference; includeInIndex = 1; lastKnownFileType = text.xcconfig; name = "Pods-customers-test-appTests.debug.xcconfig"; path = "Target Support Files/Pods-customers-test-appTests/Pods-customers-test-appTests.debug.xcconfig"; sourceTree = "<group>"; };
		168422E022D6D91F00D8AC7C /* customers-test-app.app */ = {isa = PBXFileReference; explicitFileType = wrapper.application; includeInIndex = 0; path = "customers-test-app.app"; sourceTree = BUILT_PRODUCTS_DIR; };
		168422E322D6D91F00D8AC7C /* AppDelegate.swift */ = {isa = PBXFileReference; lastKnownFileType = sourcecode.swift; path = AppDelegate.swift; sourceTree = "<group>"; };
		168422ED22D6D92000D8AC7C /* Base */ = {isa = PBXFileReference; lastKnownFileType = file.storyboard; name = Base; path = Base.lproj/LaunchScreen.storyboard; sourceTree = "<group>"; };
		168422EF22D6D92000D8AC7C /* Info.plist */ = {isa = PBXFileReference; lastKnownFileType = text.plist.xml; path = Info.plist; sourceTree = "<group>"; };
		168422F422D6D92000D8AC7C /* customers-test-appTests.xctest */ = {isa = PBXFileReference; explicitFileType = wrapper.cfbundle; includeInIndex = 0; path = "customers-test-appTests.xctest"; sourceTree = BUILT_PRODUCTS_DIR; };
		168422F822D6D92000D8AC7C /* customers_test_appTests.swift */ = {isa = PBXFileReference; lastKnownFileType = sourcecode.swift; path = customers_test_appTests.swift; sourceTree = "<group>"; };
		168422FA22D6D92000D8AC7C /* Info.plist */ = {isa = PBXFileReference; lastKnownFileType = text.plist.xml; path = Info.plist; sourceTree = "<group>"; };
		1684230522D7B0F700D8AC7C /* GoogleService-Info.plist */ = {isa = PBXFileReference; fileEncoding = 4; lastKnownFileType = text.plist.xml; path = "GoogleService-Info.plist"; sourceTree = "<group>"; };
		1684230B22D7DF4E00D8AC7C /* CTACustomerViewController.xib */ = {isa = PBXFileReference; fileEncoding = 4; lastKnownFileType = file.xib; path = CTACustomerViewController.xib; sourceTree = "<group>"; };
		1684230C22D7DF4E00D8AC7C /* CTACustomerViewController.swift */ = {isa = PBXFileReference; fileEncoding = 4; lastKnownFileType = sourcecode.swift; path = CTACustomerViewController.swift; sourceTree = "<group>"; };
		1684230F22D7DFDA00D8AC7C /* CTAConstantHelper.swift */ = {isa = PBXFileReference; lastKnownFileType = sourcecode.swift; path = CTAConstantHelper.swift; sourceTree = "<group>"; };
		1684231322D7E39000D8AC7C /* CTALoginViewController.swift */ = {isa = PBXFileReference; lastKnownFileType = sourcecode.swift; path = CTALoginViewController.swift; sourceTree = "<group>"; };
		1684231422D7E39000D8AC7C /* CTALoginViewController.xib */ = {isa = PBXFileReference; lastKnownFileType = file.xib; path = CTALoginViewController.xib; sourceTree = "<group>"; };
		1684232222D90A1300D8AC7C /* Assets.xcassets */ = {isa = PBXFileReference; lastKnownFileType = folder.assetcatalog; path = Assets.xcassets; sourceTree = "<group>"; };
		16BEBA8C22DA965B000AA068 /* CTAFacebookLoginService.swift */ = {isa = PBXFileReference; lastKnownFileType = sourcecode.swift; path = CTAFacebookLoginService.swift; sourceTree = "<group>"; };
		16BEBA9022DA9981000AA068 /* CTASnackbarHelper.swift */ = {isa = PBXFileReference; lastKnownFileType = sourcecode.swift; path = CTASnackbarHelper.swift; sourceTree = "<group>"; };
		16BEBA9622DA9AFB000AA068 /* CTACustomerModel.swift */ = {isa = PBXFileReference; lastKnownFileType = sourcecode.swift; path = CTACustomerModel.swift; sourceTree = "<group>"; };
		16BEBA9822DA9B61000AA068 /* UIView+TexFieldLines.swift */ = {isa = PBXFileReference; lastKnownFileType = sourcecode.swift; path = "UIView+TexFieldLines.swift"; sourceTree = "<group>"; };
		16BEBA9A22DA9BDE000AA068 /* UIImageView+ImageHelper.swift */ = {isa = PBXFileReference; lastKnownFileType = sourcecode.swift; path = "UIImageView+ImageHelper.swift"; sourceTree = "<group>"; };
		16BEBA9C22DAA097000AA068 /* CTACustomerViewModel.swift */ = {isa = PBXFileReference; lastKnownFileType = sourcecode.swift; path = CTACustomerViewModel.swift; sourceTree = "<group>"; };
		16BEBAA022DAAB7E000AA068 /* CTABaseViewController.swift */ = {isa = PBXFileReference; lastKnownFileType = sourcecode.swift; path = CTABaseViewController.swift; sourceTree = "<group>"; };
		16BEBAA422DAB3D6000AA068 /* CTACustomerService.swift */ = {isa = PBXFileReference; lastKnownFileType = sourcecode.swift; path = CTACustomerService.swift; sourceTree = "<group>"; };
		16BEBAA622DAB56C000AA068 /* Date+DateFormatter.swift */ = {isa = PBXFileReference; lastKnownFileType = sourcecode.swift; path = "Date+DateFormatter.swift"; sourceTree = "<group>"; };
		34244BEAD461034F497E1AD7 /* Pods-customers-test-appTests.release.xcconfig */ = {isa = PBXFileReference; includeInIndex = 1; lastKnownFileType = text.xcconfig; name = "Pods-customers-test-appTests.release.xcconfig"; path = "Target Support Files/Pods-customers-test-appTests/Pods-customers-test-appTests.release.xcconfig"; sourceTree = "<group>"; };
		45DA6B861E9AA7C003C37897 /* Pods-customers-test-app.release.xcconfig */ = {isa = PBXFileReference; includeInIndex = 1; lastKnownFileType = text.xcconfig; name = "Pods-customers-test-app.release.xcconfig"; path = "Target Support Files/Pods-customers-test-app/Pods-customers-test-app.release.xcconfig"; sourceTree = "<group>"; };
		570F0C2EC8D6A3B08A6B781A /* Pods-customers-test-app.debug.xcconfig */ = {isa = PBXFileReference; includeInIndex = 1; lastKnownFileType = text.xcconfig; name = "Pods-customers-test-app.debug.xcconfig"; path = "Target Support Files/Pods-customers-test-app/Pods-customers-test-app.debug.xcconfig"; sourceTree = "<group>"; };
		5F83695B855CCBEFD868F035 /* Pods_customers_test_app.framework */ = {isa = PBXFileReference; explicitFileType = wrapper.framework; includeInIndex = 0; path = Pods_customers_test_app.framework; sourceTree = BUILT_PRODUCTS_DIR; };
		CBC9720652E1911FC877844B /* Pods_customers_test_appTests.framework */ = {isa = PBXFileReference; explicitFileType = wrapper.framework; includeInIndex = 0; path = Pods_customers_test_appTests.framework; sourceTree = BUILT_PRODUCTS_DIR; };
/* End PBXFileReference section */

/* Begin PBXFrameworksBuildPhase section */
		168422DD22D6D91F00D8AC7C /* Frameworks */ = {
			isa = PBXFrameworksBuildPhase;
			buildActionMask = 2147483647;
			files = (
				92481AB4D45E6D341378AFD5 /* Pods_customers_test_app.framework in Frameworks */,
			);
			runOnlyForDeploymentPostprocessing = 0;
		};
		168422F122D6D92000D8AC7C /* Frameworks */ = {
			isa = PBXFrameworksBuildPhase;
			buildActionMask = 2147483647;
			files = (
				04DE5282B075BE8C290124E2 /* Pods_customers_test_appTests.framework in Frameworks */,
			);
			runOnlyForDeploymentPostprocessing = 0;
		};
/* End PBXFrameworksBuildPhase section */

/* Begin PBXGroup section */
		168422D722D6D91F00D8AC7C = {
			isa = PBXGroup;
			children = (
				168422E222D6D91F00D8AC7C /* customers-test-app */,
				168422F722D6D92000D8AC7C /* customers-test-appTests */,
				168422E122D6D91F00D8AC7C /* Products */,
				CBE721233C1A332AAE4CE0F9 /* Pods */,
				5FC2DC117BEEF7A4DC49422B /* Frameworks */,
			);
			sourceTree = "<group>";
		};
		168422E122D6D91F00D8AC7C /* Products */ = {
			isa = PBXGroup;
			children = (
				168422E022D6D91F00D8AC7C /* customers-test-app.app */,
				168422F422D6D92000D8AC7C /* customers-test-appTests.xctest */,
			);
			name = Products;
			sourceTree = "<group>";
		};
		168422E222D6D91F00D8AC7C /* customers-test-app */ = {
			isa = PBXGroup;
			children = (
				16BEBA9422DA9AE0000AA068 /* Customers */,
				16BEBA8F22DA9971000AA068 /* Core */,
				16BEBA8A22DA9603000AA068 /* Login */,
				1684232222D90A1300D8AC7C /* Assets.xcassets */,
				1684230522D7B0F700D8AC7C /* GoogleService-Info.plist */,
				168422E322D6D91F00D8AC7C /* AppDelegate.swift */,
				168422EC22D6D92000D8AC7C /* LaunchScreen.storyboard */,
				168422EF22D6D92000D8AC7C /* Info.plist */,
			);
			path = "customers-test-app";
			sourceTree = "<group>";
		};
		168422F722D6D92000D8AC7C /* customers-test-appTests */ = {
			isa = PBXGroup;
			children = (
				168422F822D6D92000D8AC7C /* customers_test_appTests.swift */,
				168422FA22D6D92000D8AC7C /* Info.plist */,
			);
			path = "customers-test-appTests";
			sourceTree = "<group>";
		};
		16BEBA8A22DA9603000AA068 /* Login */ = {
			isa = PBXGroup;
			children = (
				16BEBA8E22DA9950000AA068 /* Service */,
				1684231322D7E39000D8AC7C /* CTALoginViewController.swift */,
				16BEBA8B22DA9617000AA068 /* View */,
			);
			path = Login;
			sourceTree = "<group>";
		};
		16BEBA8B22DA9617000AA068 /* View */ = {
			isa = PBXGroup;
			children = (
				1684231422D7E39000D8AC7C /* CTALoginViewController.xib */,
			);
			path = View;
			sourceTree = "<group>";
		};
		16BEBA8E22DA9950000AA068 /* Service */ = {
			isa = PBXGroup;
			children = (
				16BEBA8C22DA965B000AA068 /* CTAFacebookLoginService.swift */,
			);
			path = Service;
			sourceTree = "<group>";
		};
		16BEBA8F22DA9971000AA068 /* Core */ = {
			isa = PBXGroup;
			children = (
				16BEBA9322DA9ABF000AA068 /* View */,
				16BEBA9222DA9AB5000AA068 /* Helpers */,
				16BEBAA022DAAB7E000AA068 /* CTABaseViewController.swift */,
			);
			path = Core;
			sourceTree = "<group>";
		};
		16BEBA9222DA9AB5000AA068 /* Helpers */ = {
			isa = PBXGroup;
			children = (
				1684230F22D7DFDA00D8AC7C /* CTAConstantHelper.swift */,
				16BEBA9022DA9981000AA068 /* CTASnackbarHelper.swift */,
				16BEBAA622DAB56C000AA068 /* Date+DateFormatter.swift */,
			);
			path = Helpers;
			sourceTree = "<group>";
		};
		16BEBA9322DA9ABF000AA068 /* View */ = {
			isa = PBXGroup;
			children = (
				16BEBA9822DA9B61000AA068 /* UIView+TexFieldLines.swift */,
				16BEBA9A22DA9BDE000AA068 /* UIImageView+ImageHelper.swift */,
			);
			path = View;
			sourceTree = "<group>";
		};
		16BEBA9422DA9AE0000AA068 /* Customers */ = {
			isa = PBXGroup;
			children = (
				16BEBAA922DAB8E8000AA068 /* List */,
				16BEBAA822DAB8D6000AA068 /* Create */,
			);
			path = Customers;
			sourceTree = "<group>";
		};
		16BEBA9522DA9AEF000AA068 /* Model */ = {
			isa = PBXGroup;
			children = (
				16BEBA9622DA9AFB000AA068 /* CTACustomerModel.swift */,
			);
			path = Model;
			sourceTree = "<group>";
		};
		16BEBA9E22DAA09C000AA068 /* ViewModel */ = {
			isa = PBXGroup;
			children = (
				16BEBA9C22DAA097000AA068 /* CTACustomerViewModel.swift */,
			);
			path = ViewModel;
			sourceTree = "<group>";
		};
		16BEBAA222DAB0F3000AA068 /* View */ = {
			isa = PBXGroup;
			children = (
				1684230B22D7DF4E00D8AC7C /* CTACustomerViewController.xib */,
			);
			path = View;
			sourceTree = "<group>";
		};
		16BEBAA322DAB3C2000AA068 /* Service */ = {
			isa = PBXGroup;
			children = (
				16BEBAA422DAB3D6000AA068 /* CTACustomerService.swift */,
			);
			path = Service;
			sourceTree = "<group>";
		};
		16BEBAA822DAB8D6000AA068 /* Create */ = {
			isa = PBXGroup;
			children = (
				16BEBAA322DAB3C2000AA068 /* Service */,
				16BEBAA222DAB0F3000AA068 /* View */,
				16BEBA9E22DAA09C000AA068 /* ViewModel */,
				16BEBA9522DA9AEF000AA068 /* Model */,
				1684230C22D7DF4E00D8AC7C /* CTACustomerViewController.swift */,
			);
			path = Create;
			sourceTree = "<group>";
		};
		16BEBAA922DAB8E8000AA068 /* List */ = {
			isa = PBXGroup;
			children = (
			);
			path = List;
			sourceTree = "<group>";
		};
		5FC2DC117BEEF7A4DC49422B /* Frameworks */ = {
			isa = PBXGroup;
			children = (
				5F83695B855CCBEFD868F035 /* Pods_customers_test_app.framework */,
				CBC9720652E1911FC877844B /* Pods_customers_test_appTests.framework */,
			);
			name = Frameworks;
			sourceTree = "<group>";
		};
		CBE721233C1A332AAE4CE0F9 /* Pods */ = {
			isa = PBXGroup;
			children = (
				570F0C2EC8D6A3B08A6B781A /* Pods-customers-test-app.debug.xcconfig */,
				45DA6B861E9AA7C003C37897 /* Pods-customers-test-app.release.xcconfig */,
				0487679A4702257548C5E6B0 /* Pods-customers-test-appTests.debug.xcconfig */,
				34244BEAD461034F497E1AD7 /* Pods-customers-test-appTests.release.xcconfig */,
			);
			path = Pods;
			sourceTree = "<group>";
		};
/* End PBXGroup section */

/* Begin PBXNativeTarget section */
		168422DF22D6D91F00D8AC7C /* customers-test-app */ = {
			isa = PBXNativeTarget;
			buildConfigurationList = 168422FD22D6D92100D8AC7C /* Build configuration list for PBXNativeTarget "customers-test-app" */;
			buildPhases = (
				754C0B00CD874BE6E79776AC /* [CP] Check Pods Manifest.lock */,
				168422DC22D6D91F00D8AC7C /* Sources */,
				168422DD22D6D91F00D8AC7C /* Frameworks */,
				168422DE22D6D91F00D8AC7C /* Resources */,
				DB804925EA7C79C6AEC2705A /* [CP] Embed Pods Frameworks */,
			);
			buildRules = (
			);
			dependencies = (
			);
			name = "customers-test-app";
			productName = "customers-test-app";
			productReference = 168422E022D6D91F00D8AC7C /* customers-test-app.app */;
			productType = "com.apple.product-type.application";
		};
		168422F322D6D92000D8AC7C /* customers-test-appTests */ = {
			isa = PBXNativeTarget;
			buildConfigurationList = 1684230022D6D92100D8AC7C /* Build configuration list for PBXNativeTarget "customers-test-appTests" */;
			buildPhases = (
				4F118A057BA74FB1CC9DF320 /* [CP] Check Pods Manifest.lock */,
				168422F022D6D92000D8AC7C /* Sources */,
				168422F122D6D92000D8AC7C /* Frameworks */,
				168422F222D6D92000D8AC7C /* Resources */,
			);
			buildRules = (
			);
			dependencies = (
				168422F622D6D92000D8AC7C /* PBXTargetDependency */,
			);
			name = "customers-test-appTests";
			productName = "customers-test-appTests";
			productReference = 168422F422D6D92000D8AC7C /* customers-test-appTests.xctest */;
			productType = "com.apple.product-type.bundle.unit-test";
		};
/* End PBXNativeTarget section */

/* Begin PBXProject section */
		168422D822D6D91F00D8AC7C /* Project object */ = {
			isa = PBXProject;
			attributes = {
				LastSwiftUpdateCheck = 1010;
				LastUpgradeCheck = 1010;
				ORGANIZATIONNAME = "Gonzalo Alexis Quarin";
				TargetAttributes = {
					168422DF22D6D91F00D8AC7C = {
						CreatedOnToolsVersion = 10.1;
					};
					168422F322D6D92000D8AC7C = {
						CreatedOnToolsVersion = 10.1;
						TestTargetID = 168422DF22D6D91F00D8AC7C;
					};
				};
			};
			buildConfigurationList = 168422DB22D6D91F00D8AC7C /* Build configuration list for PBXProject "customers-test-app" */;
			compatibilityVersion = "Xcode 9.3";
			developmentRegion = en;
			hasScannedForEncodings = 0;
			knownRegions = (
				en,
				Base,
			);
			mainGroup = 168422D722D6D91F00D8AC7C;
			productRefGroup = 168422E122D6D91F00D8AC7C /* Products */;
			projectDirPath = "";
			projectRoot = "";
			targets = (
				168422DF22D6D91F00D8AC7C /* customers-test-app */,
				168422F322D6D92000D8AC7C /* customers-test-appTests */,
			);
		};
/* End PBXProject section */

/* Begin PBXResourcesBuildPhase section */
		168422DE22D6D91F00D8AC7C /* Resources */ = {
			isa = PBXResourcesBuildPhase;
			buildActionMask = 2147483647;
			files = (
				168422EE22D6D92000D8AC7C /* LaunchScreen.storyboard in Resources */,
				1684230622D7B0F700D8AC7C /* GoogleService-Info.plist in Resources */,
				1684231622D7E39000D8AC7C /* CTALoginViewController.xib in Resources */,
				1684230D22D7DF4E00D8AC7C /* CTACustomerViewController.xib in Resources */,
				1684232322D90A1300D8AC7C /* Assets.xcassets in Resources */,
			);
			runOnlyForDeploymentPostprocessing = 0;
		};
		168422F222D6D92000D8AC7C /* Resources */ = {
			isa = PBXResourcesBuildPhase;
			buildActionMask = 2147483647;
			files = (
			);
			runOnlyForDeploymentPostprocessing = 0;
		};
/* End PBXResourcesBuildPhase section */

/* Begin PBXShellScriptBuildPhase section */
		4F118A057BA74FB1CC9DF320 /* [CP] Check Pods Manifest.lock */ = {
			isa = PBXShellScriptBuildPhase;
			buildActionMask = 2147483647;
			files = (
			);
			inputFileListPaths = (
			);
			inputPaths = (
				"${PODS_PODFILE_DIR_PATH}/Podfile.lock",
				"${PODS_ROOT}/Manifest.lock",
			);
			name = "[CP] Check Pods Manifest.lock";
			outputFileListPaths = (
			);
			outputPaths = (
				"$(DERIVED_FILE_DIR)/Pods-customers-test-appTests-checkManifestLockResult.txt",
			);
			runOnlyForDeploymentPostprocessing = 0;
			shellPath = /bin/sh;
			shellScript = "diff \"${PODS_PODFILE_DIR_PATH}/Podfile.lock\" \"${PODS_ROOT}/Manifest.lock\" > /dev/null\nif [ $? != 0 ] ; then\n    # print error to STDERR\n    echo \"error: The sandbox is not in sync with the Podfile.lock. Run 'pod install' or update your CocoaPods installation.\" >&2\n    exit 1\nfi\n# This output is used by Xcode 'outputs' to avoid re-running this script phase.\necho \"SUCCESS\" > \"${SCRIPT_OUTPUT_FILE_0}\"\n";
			showEnvVarsInLog = 0;
		};
		754C0B00CD874BE6E79776AC /* [CP] Check Pods Manifest.lock */ = {
			isa = PBXShellScriptBuildPhase;
			buildActionMask = 2147483647;
			files = (
			);
			inputFileListPaths = (
			);
			inputPaths = (
				"${PODS_PODFILE_DIR_PATH}/Podfile.lock",
				"${PODS_ROOT}/Manifest.lock",
			);
			name = "[CP] Check Pods Manifest.lock";
			outputFileListPaths = (
			);
			outputPaths = (
				"$(DERIVED_FILE_DIR)/Pods-customers-test-app-checkManifestLockResult.txt",
			);
			runOnlyForDeploymentPostprocessing = 0;
			shellPath = /bin/sh;
			shellScript = "diff \"${PODS_PODFILE_DIR_PATH}/Podfile.lock\" \"${PODS_ROOT}/Manifest.lock\" > /dev/null\nif [ $? != 0 ] ; then\n    # print error to STDERR\n    echo \"error: The sandbox is not in sync with the Podfile.lock. Run 'pod install' or update your CocoaPods installation.\" >&2\n    exit 1\nfi\n# This output is used by Xcode 'outputs' to avoid re-running this script phase.\necho \"SUCCESS\" > \"${SCRIPT_OUTPUT_FILE_0}\"\n";
			showEnvVarsInLog = 0;
		};
		DB804925EA7C79C6AEC2705A /* [CP] Embed Pods Frameworks */ = {
			isa = PBXShellScriptBuildPhase;
			buildActionMask = 2147483647;
			files = (
			);
			inputFileListPaths = (
			);
			inputPaths = (
				"${PODS_ROOT}/Target Support Files/Pods-customers-test-app/Pods-customers-test-app-frameworks.sh",
				"${BUILT_PRODUCTS_DIR}/CodableFirebase/CodableFirebase.framework",
				"${BUILT_PRODUCTS_DIR}/FBSDKCoreKit/FBSDKCoreKit.framework",
				"${BUILT_PRODUCTS_DIR}/FBSDKLoginKit/FBSDKLoginKit.framework",
				"${BUILT_PRODUCTS_DIR}/GTMSessionFetcher/GTMSessionFetcher.framework",
				"${BUILT_PRODUCTS_DIR}/GoogleUtilities/GoogleUtilities.framework",
				"${BUILT_PRODUCTS_DIR}/MDFInternationalization/MDFInternationalization.framework",
				"${BUILT_PRODUCTS_DIR}/MDFTextAccessibility/MDFTextAccessibility.framework",
				"${BUILT_PRODUCTS_DIR}/MaterialComponents/MaterialComponents.framework",
				"${BUILT_PRODUCTS_DIR}/leveldb-library/leveldb.framework",
				"${BUILT_PRODUCTS_DIR}/nanopb/nanopb.framework",
			);
			name = "[CP] Embed Pods Frameworks";
			outputFileListPaths = (
			);
			outputPaths = (
				"${TARGET_BUILD_DIR}/${FRAMEWORKS_FOLDER_PATH}/CodableFirebase.framework",
				"${TARGET_BUILD_DIR}/${FRAMEWORKS_FOLDER_PATH}/FBSDKCoreKit.framework",
				"${TARGET_BUILD_DIR}/${FRAMEWORKS_FOLDER_PATH}/FBSDKLoginKit.framework",
				"${TARGET_BUILD_DIR}/${FRAMEWORKS_FOLDER_PATH}/GTMSessionFetcher.framework",
				"${TARGET_BUILD_DIR}/${FRAMEWORKS_FOLDER_PATH}/GoogleUtilities.framework",
				"${TARGET_BUILD_DIR}/${FRAMEWORKS_FOLDER_PATH}/MDFInternationalization.framework",
				"${TARGET_BUILD_DIR}/${FRAMEWORKS_FOLDER_PATH}/MDFTextAccessibility.framework",
				"${TARGET_BUILD_DIR}/${FRAMEWORKS_FOLDER_PATH}/MaterialComponents.framework",
				"${TARGET_BUILD_DIR}/${FRAMEWORKS_FOLDER_PATH}/leveldb.framework",
				"${TARGET_BUILD_DIR}/${FRAMEWORKS_FOLDER_PATH}/nanopb.framework",
			);
			runOnlyForDeploymentPostprocessing = 0;
			shellPath = /bin/sh;
			shellScript = "\"${PODS_ROOT}/Target Support Files/Pods-customers-test-app/Pods-customers-test-app-frameworks.sh\"\n";
			showEnvVarsInLog = 0;
		};
/* End PBXShellScriptBuildPhase section */

/* Begin PBXSourcesBuildPhase section */
		168422DC22D6D91F00D8AC7C /* Sources */ = {
			isa = PBXSourcesBuildPhase;
			buildActionMask = 2147483647;
			files = (
				16BEBA9B22DA9BDE000AA068 /* UIImageView+ImageHelper.swift in Sources */,
				1684231522D7E39000D8AC7C /* CTALoginViewController.swift in Sources */,
				16BEBAA122DAAB7E000AA068 /* CTABaseViewController.swift in Sources */,
				16BEBA8D22DA965B000AA068 /* CTAFacebookLoginService.swift in Sources */,
				1684231022D7DFDA00D8AC7C /* CTAConstantHelper.swift in Sources */,
				1684230E22D7DF4E00D8AC7C /* CTACustomerViewController.swift in Sources */,
				16BEBAA522DAB3D6000AA068 /* CTACustomerService.swift in Sources */,
				16BEBA9922DA9B61000AA068 /* UIView+TexFieldLines.swift in Sources */,
				16BEBA9D22DAA097000AA068 /* CTACustomerViewModel.swift in Sources */,
				16BEBA9722DA9AFB000AA068 /* CTACustomerModel.swift in Sources */,
				168422E422D6D91F00D8AC7C /* AppDelegate.swift in Sources */,
				16BEBA9122DA9981000AA068 /* CTASnackbarHelper.swift in Sources */,
				16BEBAA722DAB56C000AA068 /* Date+DateFormatter.swift in Sources */,
			);
			runOnlyForDeploymentPostprocessing = 0;
		};
		168422F022D6D92000D8AC7C /* Sources */ = {
			isa = PBXSourcesBuildPhase;
			buildActionMask = 2147483647;
			files = (
				168422F922D6D92000D8AC7C /* customers_test_appTests.swift in Sources */,
			);
			runOnlyForDeploymentPostprocessing = 0;
		};
/* End PBXSourcesBuildPhase section */

/* Begin PBXTargetDependency section */
		168422F622D6D92000D8AC7C /* PBXTargetDependency */ = {
			isa = PBXTargetDependency;
			target = 168422DF22D6D91F00D8AC7C /* customers-test-app */;
			targetProxy = 168422F522D6D92000D8AC7C /* PBXContainerItemProxy */;
		};
/* End PBXTargetDependency section */

/* Begin PBXVariantGroup section */
		168422EC22D6D92000D8AC7C /* LaunchScreen.storyboard */ = {
			isa = PBXVariantGroup;
			children = (
				168422ED22D6D92000D8AC7C /* Base */,
			);
			name = LaunchScreen.storyboard;
			sourceTree = "<group>";
		};
/* End PBXVariantGroup section */

/* Begin XCBuildConfiguration section */
		168422FB22D6D92100D8AC7C /* Debug */ = {
			isa = XCBuildConfiguration;
			buildSettings = {
				ALWAYS_SEARCH_USER_PATHS = NO;
				CLANG_ANALYZER_NONNULL = YES;
				CLANG_ANALYZER_NUMBER_OBJECT_CONVERSION = YES_AGGRESSIVE;
				CLANG_CXX_LANGUAGE_STANDARD = "gnu++14";
				CLANG_CXX_LIBRARY = "libc++";
				CLANG_ENABLE_MODULES = YES;
				CLANG_ENABLE_OBJC_ARC = YES;
				CLANG_ENABLE_OBJC_WEAK = YES;
				CLANG_WARN_BLOCK_CAPTURE_AUTORELEASING = YES;
				CLANG_WARN_BOOL_CONVERSION = YES;
				CLANG_WARN_COMMA = YES;
				CLANG_WARN_CONSTANT_CONVERSION = YES;
				CLANG_WARN_DEPRECATED_OBJC_IMPLEMENTATIONS = YES;
				CLANG_WARN_DIRECT_OBJC_ISA_USAGE = YES_ERROR;
				CLANG_WARN_DOCUMENTATION_COMMENTS = YES;
				CLANG_WARN_EMPTY_BODY = YES;
				CLANG_WARN_ENUM_CONVERSION = YES;
				CLANG_WARN_INFINITE_RECURSION = YES;
				CLANG_WARN_INT_CONVERSION = YES;
				CLANG_WARN_NON_LITERAL_NULL_CONVERSION = YES;
				CLANG_WARN_OBJC_IMPLICIT_RETAIN_SELF = YES;
				CLANG_WARN_OBJC_LITERAL_CONVERSION = YES;
				CLANG_WARN_OBJC_ROOT_CLASS = YES_ERROR;
				CLANG_WARN_RANGE_LOOP_ANALYSIS = YES;
				CLANG_WARN_STRICT_PROTOTYPES = YES;
				CLANG_WARN_SUSPICIOUS_MOVE = YES;
				CLANG_WARN_UNGUARDED_AVAILABILITY = YES_AGGRESSIVE;
				CLANG_WARN_UNREACHABLE_CODE = YES;
				CLANG_WARN__DUPLICATE_METHOD_MATCH = YES;
				CODE_SIGN_IDENTITY = "iPhone Developer";
				COPY_PHASE_STRIP = NO;
				DEBUG_INFORMATION_FORMAT = dwarf;
				ENABLE_STRICT_OBJC_MSGSEND = YES;
				ENABLE_TESTABILITY = YES;
				GCC_C_LANGUAGE_STANDARD = gnu11;
				GCC_DYNAMIC_NO_PIC = NO;
				GCC_NO_COMMON_BLOCKS = YES;
				GCC_OPTIMIZATION_LEVEL = 0;
				GCC_PREPROCESSOR_DEFINITIONS = (
					"DEBUG=1",
					"$(inherited)",
				);
				GCC_WARN_64_TO_32_BIT_CONVERSION = YES;
				GCC_WARN_ABOUT_RETURN_TYPE = YES_ERROR;
				GCC_WARN_UNDECLARED_SELECTOR = YES;
				GCC_WARN_UNINITIALIZED_AUTOS = YES_AGGRESSIVE;
				GCC_WARN_UNUSED_FUNCTION = YES;
				GCC_WARN_UNUSED_VARIABLE = YES;
				IPHONEOS_DEPLOYMENT_TARGET = 12.1;
				MTL_ENABLE_DEBUG_INFO = INCLUDE_SOURCE;
				MTL_FAST_MATH = YES;
				ONLY_ACTIVE_ARCH = YES;
				SDKROOT = iphoneos;
				SWIFT_ACTIVE_COMPILATION_CONDITIONS = DEBUG;
				SWIFT_OPTIMIZATION_LEVEL = "-Onone";
			};
			name = Debug;
		};
		168422FC22D6D92100D8AC7C /* Release */ = {
			isa = XCBuildConfiguration;
			buildSettings = {
				ALWAYS_SEARCH_USER_PATHS = NO;
				CLANG_ANALYZER_NONNULL = YES;
				CLANG_ANALYZER_NUMBER_OBJECT_CONVERSION = YES_AGGRESSIVE;
				CLANG_CXX_LANGUAGE_STANDARD = "gnu++14";
				CLANG_CXX_LIBRARY = "libc++";
				CLANG_ENABLE_MODULES = YES;
				CLANG_ENABLE_OBJC_ARC = YES;
				CLANG_ENABLE_OBJC_WEAK = YES;
				CLANG_WARN_BLOCK_CAPTURE_AUTORELEASING = YES;
				CLANG_WARN_BOOL_CONVERSION = YES;
				CLANG_WARN_COMMA = YES;
				CLANG_WARN_CONSTANT_CONVERSION = YES;
				CLANG_WARN_DEPRECATED_OBJC_IMPLEMENTATIONS = YES;
				CLANG_WARN_DIRECT_OBJC_ISA_USAGE = YES_ERROR;
				CLANG_WARN_DOCUMENTATION_COMMENTS = YES;
				CLANG_WARN_EMPTY_BODY = YES;
				CLANG_WARN_ENUM_CONVERSION = YES;
				CLANG_WARN_INFINITE_RECURSION = YES;
				CLANG_WARN_INT_CONVERSION = YES;
				CLANG_WARN_NON_LITERAL_NULL_CONVERSION = YES;
				CLANG_WARN_OBJC_IMPLICIT_RETAIN_SELF = YES;
				CLANG_WARN_OBJC_LITERAL_CONVERSION = YES;
				CLANG_WARN_OBJC_ROOT_CLASS = YES_ERROR;
				CLANG_WARN_RANGE_LOOP_ANALYSIS = YES;
				CLANG_WARN_STRICT_PROTOTYPES = YES;
				CLANG_WARN_SUSPICIOUS_MOVE = YES;
				CLANG_WARN_UNGUARDED_AVAILABILITY = YES_AGGRESSIVE;
				CLANG_WARN_UNREACHABLE_CODE = YES;
				CLANG_WARN__DUPLICATE_METHOD_MATCH = YES;
				CODE_SIGN_IDENTITY = "iPhone Developer";
				COPY_PHASE_STRIP = NO;
				DEBUG_INFORMATION_FORMAT = "dwarf-with-dsym";
				ENABLE_NS_ASSERTIONS = NO;
				ENABLE_STRICT_OBJC_MSGSEND = YES;
				GCC_C_LANGUAGE_STANDARD = gnu11;
				GCC_NO_COMMON_BLOCKS = YES;
				GCC_WARN_64_TO_32_BIT_CONVERSION = YES;
				GCC_WARN_ABOUT_RETURN_TYPE = YES_ERROR;
				GCC_WARN_UNDECLARED_SELECTOR = YES;
				GCC_WARN_UNINITIALIZED_AUTOS = YES_AGGRESSIVE;
				GCC_WARN_UNUSED_FUNCTION = YES;
				GCC_WARN_UNUSED_VARIABLE = YES;
				IPHONEOS_DEPLOYMENT_TARGET = 12.1;
				MTL_ENABLE_DEBUG_INFO = NO;
				MTL_FAST_MATH = YES;
				SDKROOT = iphoneos;
				SWIFT_COMPILATION_MODE = wholemodule;
				SWIFT_OPTIMIZATION_LEVEL = "-O";
				VALIDATE_PRODUCT = YES;
			};
			name = Release;
		};
		168422FE22D6D92100D8AC7C /* Debug */ = {
			isa = XCBuildConfiguration;
			baseConfigurationReference = 570F0C2EC8D6A3B08A6B781A /* Pods-customers-test-app.debug.xcconfig */;
			buildSettings = {
				ASSETCATALOG_COMPILER_APPICON_NAME = AppIcon;
				CODE_SIGN_STYLE = Automatic;
				INFOPLIST_FILE = "customers-test-app/Info.plist";
				LD_RUNPATH_SEARCH_PATHS = (
					"$(inherited)",
					"@executable_path/Frameworks",
				);
				PRODUCT_BUNDLE_IDENTIFIER = "com.customers-test-app";
				PRODUCT_NAME = "$(TARGET_NAME)";
				SWIFT_VERSION = 4.2;
				TARGETED_DEVICE_FAMILY = "1,2";
			};
			name = Debug;
		};
		168422FF22D6D92100D8AC7C /* Release */ = {
			isa = XCBuildConfiguration;
			baseConfigurationReference = 45DA6B861E9AA7C003C37897 /* Pods-customers-test-app.release.xcconfig */;
			buildSettings = {
				ASSETCATALOG_COMPILER_APPICON_NAME = AppIcon;
				CODE_SIGN_STYLE = Automatic;
				INFOPLIST_FILE = "customers-test-app/Info.plist";
				LD_RUNPATH_SEARCH_PATHS = (
					"$(inherited)",
					"@executable_path/Frameworks",
				);
				PRODUCT_BUNDLE_IDENTIFIER = "com.customers-test-app";
				PRODUCT_NAME = "$(TARGET_NAME)";
				SWIFT_VERSION = 4.2;
				TARGETED_DEVICE_FAMILY = "1,2";
			};
			name = Release;
		};
		1684230122D6D92100D8AC7C /* Debug */ = {
			isa = XCBuildConfiguration;
			baseConfigurationReference = 0487679A4702257548C5E6B0 /* Pods-customers-test-appTests.debug.xcconfig */;
			buildSettings = {
				ALWAYS_EMBED_SWIFT_STANDARD_LIBRARIES = YES;
				BUNDLE_LOADER = "$(TEST_HOST)";
				CODE_SIGN_STYLE = Automatic;
				INFOPLIST_FILE = "customers-test-appTests/Info.plist";
				LD_RUNPATH_SEARCH_PATHS = (
					"$(inherited)",
					"@executable_path/Frameworks",
					"@loader_path/Frameworks",
				);
				PRODUCT_BUNDLE_IDENTIFIER = "com.mercadolibre.customers-test-app.customers-test-appTests";
				PRODUCT_NAME = "$(TARGET_NAME)";
				SWIFT_VERSION = 4.2;
				TARGETED_DEVICE_FAMILY = "1,2";
				TEST_HOST = "$(BUILT_PRODUCTS_DIR)/customers-test-app.app/customers-test-app";
			};
			name = Debug;
		};
		1684230222D6D92100D8AC7C /* Release */ = {
			isa = XCBuildConfiguration;
			baseConfigurationReference = 34244BEAD461034F497E1AD7 /* Pods-customers-test-appTests.release.xcconfig */;
			buildSettings = {
				ALWAYS_EMBED_SWIFT_STANDARD_LIBRARIES = YES;
				BUNDLE_LOADER = "$(TEST_HOST)";
				CODE_SIGN_STYLE = Automatic;
				INFOPLIST_FILE = "customers-test-appTests/Info.plist";
				LD_RUNPATH_SEARCH_PATHS = (
					"$(inherited)",
					"@executable_path/Frameworks",
					"@loader_path/Frameworks",
				);
				PRODUCT_BUNDLE_IDENTIFIER = "com.mercadolibre.customers-test-app.customers-test-appTests";
				PRODUCT_NAME = "$(TARGET_NAME)";
				SWIFT_VERSION = 4.2;
				TARGETED_DEVICE_FAMILY = "1,2";
				TEST_HOST = "$(BUILT_PRODUCTS_DIR)/customers-test-app.app/customers-test-app";
			};
			name = Release;
		};
/* End XCBuildConfiguration section */

/* Begin XCConfigurationList section */
		168422DB22D6D91F00D8AC7C /* Build configuration list for PBXProject "customers-test-app" */ = {
			isa = XCConfigurationList;
			buildConfigurations = (
				168422FB22D6D92100D8AC7C /* Debug */,
				168422FC22D6D92100D8AC7C /* Release */,
			);
			defaultConfigurationIsVisible = 0;
			defaultConfigurationName = Release;
		};
		168422FD22D6D92100D8AC7C /* Build configuration list for PBXNativeTarget "customers-test-app" */ = {
			isa = XCConfigurationList;
			buildConfigurations = (
				168422FE22D6D92100D8AC7C /* Debug */,
				168422FF22D6D92100D8AC7C /* Release */,
			);
			defaultConfigurationIsVisible = 0;
			defaultConfigurationName = Release;
		};
		1684230022D6D92100D8AC7C /* Build configuration list for PBXNativeTarget "customers-test-appTests" */ = {
			isa = XCConfigurationList;
			buildConfigurations = (
				1684230122D6D92100D8AC7C /* Debug */,
				1684230222D6D92100D8AC7C /* Release */,
			);
			defaultConfigurationIsVisible = 0;
			defaultConfigurationName = Release;
		};
/* End XCConfigurationList section */
	};
	rootObject = 168422D822D6D91F00D8AC7C /* Project object */;
}
